
Microsoft Visual Studio Solution File, Format Version 12.00
# Visual Studio Version 17
VisualStudioVersion = 17.6.33815.320
MinimumVisualStudioVersion = 10.0.40219.1
Project("{FAE04EC0-301F-11D3-BF4B-00C04F79EFBC}") = "1.11_WebFormsPageEvents", "1.11_WebFormsPageEvents\1.11_WebFormsPageEvents.csproj", "{A91CE108-77F6-4BFD-AE22-A90DCB89A086}"
EndProject
Global
	GlobalSection(SolutionConfigurationPlatforms) = preSolution
		Debug|Any CPU = Debug|Any CPU
		Release|Any CPU = Release|Any CPU
	EndGlobalSection
	GlobalSection(ProjectConfigurationPlatforms) = postSolution
		{A91CE108-77F6-4BFD-AE22-A90DCB89A086}.Debug|Any CPU.ActiveCfg = Debug|Any CPU
		{A91CE108-77F6-4BFD-AE22-A90DCB89A086}.Debug|Any CPU.Build.0 = Debug|Any CPU
		{A91CE108-77F6-4BFD-AE22-A90DCB89A086}.Release|Any CPU.ActiveCfg = Release|Any CPU
		{A91CE108-77F6-4BFD-AE22-A90DCB89A086}.Release|Any CPU.Build.0 = Release|Any CPU
	EndGlobalSection
	GlobalSection(SolutionProperties) = preSolution
		HideSolutionNode = FALSE
	EndGlobalSection
	GlobalSection(ExtensibilityGlobals) = postSolution
		SolutionGuid = {0F0E77A6-F9C3-4044-966B-0FFF88DAF85F}
	EndGlobalSection
EndGlobal
