
Microsoft Visual Studio Solution File, Format Version 12.00
# Visual Studio Version 17
VisualStudioVersion = 17.6.33815.320
MinimumVisualStudioVersion = 10.0.40219.1
Project("{FAE04EC0-301F-11D3-BF4B-00C04F79EFBC}") = "1.4_UsingControllers", "1.4_UsingControllers\1.4_UsingControllers.csproj", "{2835426A-FFA5-4337-B2B6-988A91F3A48E}"
EndProject
Global
	GlobalSection(SolutionConfigurationPlatforms) = preSolution
		Debug|Any CPU = Debug|Any CPU
		Release|Any CPU = Release|Any CPU
	EndGlobalSection
	GlobalSection(ProjectConfigurationPlatforms) = postSolution
		{2835426A-FFA5-4337-B2B6-988A91F3A48E}.Debug|Any CPU.ActiveCfg = Debug|Any CPU
		{2835426A-FFA5-4337-B2B6-988A91F3A48E}.Debug|Any CPU.Build.0 = Debug|Any CPU
		{2835426A-FFA5-4337-B2B6-988A91F3A48E}.Release|Any CPU.ActiveCfg = Release|Any CPU
		{2835426A-FFA5-4337-B2B6-988A91F3A48E}.Release|Any CPU.Build.0 = Release|Any CPU
	EndGlobalSection
	GlobalSection(SolutionProperties) = preSolution
		HideSolutionNode = FALSE
	EndGlobalSection
	GlobalSection(ExtensibilityGlobals) = postSolution
		SolutionGuid = {92177A9B-C85E-43C1-8431-8A205A647A8B}
	EndGlobalSection
EndGlobal
