
Microsoft Visual Studio Solution File, Format Version 12.00
# Visual Studio Version 17
VisualStudioVersion = 17.6.33815.320
MinimumVisualStudioVersion = 10.0.40219.1
Project("{FAE04EC0-301F-11D3-BF4B-00C04F79EFBC}") = "1.4-Various ActionResults", "1.4-Various ActionResults\1.4-Various ActionResults.csproj", "{BFF90473-220D-43A8-B0FC-4A29A8550B6E}"
EndProject
Global
	GlobalSection(SolutionConfigurationPlatforms) = preSolution
		Debug|Any CPU = Debug|Any CPU
		Release|Any CPU = Release|Any CPU
	EndGlobalSection
	GlobalSection(ProjectConfigurationPlatforms) = postSolution
		{BFF90473-220D-43A8-B0FC-4A29A8550B6E}.Debug|Any CPU.ActiveCfg = Debug|Any CPU
		{BFF90473-220D-43A8-B0FC-4A29A8550B6E}.Debug|Any CPU.Build.0 = Debug|Any CPU
		{BFF90473-220D-43A8-B0FC-4A29A8550B6E}.Release|Any CPU.ActiveCfg = Release|Any CPU
		{BFF90473-220D-43A8-B0FC-4A29A8550B6E}.Release|Any CPU.Build.0 = Release|Any CPU
	EndGlobalSection
	GlobalSection(SolutionProperties) = preSolution
		HideSolutionNode = FALSE
	EndGlobalSection
	GlobalSection(ExtensibilityGlobals) = postSolution
		SolutionGuid = {4E190FA0-5F5C-422D-8B72-EE9E79E2EC19}
	EndGlobalSection
EndGlobal
