
Microsoft Visual Studio Solution File, Format Version 12.00
# Visual Studio Version 17
VisualStudioVersion = 17.6.33815.320
MinimumVisualStudioVersion = 10.0.40219.1
Project("{FAE04EC0-301F-11D3-BF4B-00C04F79EFBC}") = "WebApp1.14_Using Custom Filters", "WebApp1.14_Using Custom Filters\WebApp1.14_Using Custom Filters.csproj", "{559AD413-56F9-4883-8DBE-1674DF39F2BA}"
EndProject
Global
	GlobalSection(SolutionConfigurationPlatforms) = preSolution
		Debug|Any CPU = Debug|Any CPU
		Release|Any CPU = Release|Any CPU
	EndGlobalSection
	GlobalSection(ProjectConfigurationPlatforms) = postSolution
		{559AD413-56F9-4883-8DBE-1674DF39F2BA}.Debug|Any CPU.ActiveCfg = Debug|Any CPU
		{559AD413-56F9-4883-8DBE-1674DF39F2BA}.Debug|Any CPU.Build.0 = Debug|Any CPU
		{559AD413-56F9-4883-8DBE-1674DF39F2BA}.Release|Any CPU.ActiveCfg = Release|Any CPU
		{559AD413-56F9-4883-8DBE-1674DF39F2BA}.Release|Any CPU.Build.0 = Release|Any CPU
	EndGlobalSection
	GlobalSection(SolutionProperties) = preSolution
		HideSolutionNode = FALSE
	EndGlobalSection
	GlobalSection(ExtensibilityGlobals) = postSolution
		SolutionGuid = {0EE40253-8810-4310-BD4E-405392D84BE7}
	EndGlobalSection
EndGlobal
