
Microsoft Visual Studio Solution File, Format Version 12.00
# Visual Studio Version 17
VisualStudioVersion = 17.6.33815.320
MinimumVisualStudioVersion = 10.0.40219.1
Project("{FAE04EC0-301F-11D3-BF4B-00C04F79EFBC}") = "WebApp1.39_CustomHelperMethods", "WebApp1.39_CustomHelperMethods\WebApp1.39_CustomHelperMethods.csproj", "{6C972BB0-3643-454E-8E36-D9F481148D3B}"
EndProject
Global
	GlobalSection(SolutionConfigurationPlatforms) = preSolution
		Debug|Any CPU = Debug|Any CPU
		Release|Any CPU = Release|Any CPU
	EndGlobalSection
	GlobalSection(ProjectConfigurationPlatforms) = postSolution
		{6C972BB0-3643-454E-8E36-D9F481148D3B}.Debug|Any CPU.ActiveCfg = Debug|Any CPU
		{6C972BB0-3643-454E-8E36-D9F481148D3B}.Debug|Any CPU.Build.0 = Debug|Any CPU
		{6C972BB0-3643-454E-8E36-D9F481148D3B}.Release|Any CPU.ActiveCfg = Release|Any CPU
		{6C972BB0-3643-454E-8E36-D9F481148D3B}.Release|Any CPU.Build.0 = Release|Any CPU
	EndGlobalSection
	GlobalSection(SolutionProperties) = preSolution
		HideSolutionNode = FALSE
	EndGlobalSection
	GlobalSection(ExtensibilityGlobals) = postSolution
		SolutionGuid = {E7CFA4FB-46E9-477B-A2E1-054091CED75A}
	EndGlobalSection
EndGlobal
