
Microsoft Visual Studio Solution File, Format Version 12.00
# Visual Studio Version 17
VisualStudioVersion = 17.6.33815.320
MinimumVisualStudioVersion = 10.0.40219.1
Project("{FAE04EC0-301F-11D3-BF4B-00C04F79EFBC}") = "WebApp1.12_Scaffolding", "WebApp1.12_Scaffolding\WebApp1.12_Scaffolding.csproj", "{00431B86-B287-4513-B680-2724BACCFFBF}"
EndProject
Global
	GlobalSection(SolutionConfigurationPlatforms) = preSolution
		Debug|Any CPU = Debug|Any CPU
		Release|Any CPU = Release|Any CPU
	EndGlobalSection
	GlobalSection(ProjectConfigurationPlatforms) = postSolution
		{00431B86-B287-4513-B680-2724BACCFFBF}.Debug|Any CPU.ActiveCfg = Debug|Any CPU
		{00431B86-B287-4513-B680-2724BACCFFBF}.Debug|Any CPU.Build.0 = Debug|Any CPU
		{00431B86-B287-4513-B680-2724BACCFFBF}.Release|Any CPU.ActiveCfg = Release|Any CPU
		{00431B86-B287-4513-B680-2724BACCFFBF}.Release|Any CPU.Build.0 = Release|Any CPU
	EndGlobalSection
	GlobalSection(SolutionProperties) = preSolution
		HideSolutionNode = FALSE
	EndGlobalSection
	GlobalSection(ExtensibilityGlobals) = postSolution
		SolutionGuid = {6AC9F5ED-F9EA-4047-B7EE-F8985B99AD4A}
	EndGlobalSection
EndGlobal
